
Microsoft Visual Studio Solution File, Format Version 12.00
# Visual Studio Version 17
VisualStudioVersion = 17.8.34330.188
MinimumVisualStudioVersion = 10.0.40219.1
Project("{FAE04EC0-301F-11D3-BF4B-00C04F79EFBC}") = "Services", "Services\Services.csproj", "{9F3CE983-DF0F-4F2F-A0EC-52522565A14A}"
EndProject
Project("{FAE04EC0-301F-11D3-BF4B-00C04F79EFBC}") = "UI", "UI\UI.csproj", "{B2D15F22-F3DF-4C89-AFF4-9AA3CB8932A1}"
EndProject
Project("{FAE04EC0-301F-11D3-BF4B-00C04F79EFBC}") = "Dao", "DAO\Dao.csproj", "{67FB4D48-C39E-413F-90CF-86D79EE34F9F}"
EndProject
Project("{FAE04EC0-301F-11D3-BF4B-00C04F79EFBC}") = "Logic", "LOGIC\Logic.csproj", "{DFFAA5E3-13D2-4E7F-93FA-AF849AD00154}"
EndProject
Project("{FAE04EC0-301F-11D3-BF4B-00C04F79EFBC}") = "Domain", "Domain\Domain.csproj", "{55029DA7-0844-4BE8-9C3E-CBF0CA7D2CEE}"
EndProject
Global
	GlobalSection(SolutionConfigurationPlatforms) = preSolution
		Debug|Any CPU = Debug|Any CPU
		Release|Any CPU = Release|Any CPU
	EndGlobalSection
	GlobalSection(ProjectConfigurationPlatforms) = postSolution
		{9F3CE983-DF0F-4F2F-A0EC-52522565A14A}.Debug|Any CPU.ActiveCfg = Debug|Any CPU
		{9F3CE983-DF0F-4F2F-A0EC-52522565A14A}.Debug|Any CPU.Build.0 = Debug|Any CPU
		{9F3CE983-DF0F-4F2F-A0EC-52522565A14A}.Release|Any CPU.ActiveCfg = Release|Any CPU
		{9F3CE983-DF0F-4F2F-A0EC-52522565A14A}.Release|Any CPU.Build.0 = Release|Any CPU
		{B2D15F22-F3DF-4C89-AFF4-9AA3CB8932A1}.Debug|Any CPU.ActiveCfg = Debug|Any CPU
		{B2D15F22-F3DF-4C89-AFF4-9AA3CB8932A1}.Debug|Any CPU.Build.0 = Debug|Any CPU
		{B2D15F22-F3DF-4C89-AFF4-9AA3CB8932A1}.Release|Any CPU.ActiveCfg = Release|Any CPU
		{B2D15F22-F3DF-4C89-AFF4-9AA3CB8932A1}.Release|Any CPU.Build.0 = Release|Any CPU
		{67FB4D48-C39E-413F-90CF-86D79EE34F9F}.Debug|Any CPU.ActiveCfg = Debug|Any CPU
		{67FB4D48-C39E-413F-90CF-86D79EE34F9F}.Debug|Any CPU.Build.0 = Debug|Any CPU
		{67FB4D48-C39E-413F-90CF-86D79EE34F9F}.Release|Any CPU.ActiveCfg = Release|Any CPU
		{67FB4D48-C39E-413F-90CF-86D79EE34F9F}.Release|Any CPU.Build.0 = Release|Any CPU
		{DFFAA5E3-13D2-4E7F-93FA-AF849AD00154}.Debug|Any CPU.ActiveCfg = Debug|Any CPU
		{DFFAA5E3-13D2-4E7F-93FA-AF849AD00154}.Debug|Any CPU.Build.0 = Debug|Any CPU
		{DFFAA5E3-13D2-4E7F-93FA-AF849AD00154}.Release|Any CPU.ActiveCfg = Release|Any CPU
		{DFFAA5E3-13D2-4E7F-93FA-AF849AD00154}.Release|Any CPU.Build.0 = Release|Any CPU
		{55029DA7-0844-4BE8-9C3E-CBF0CA7D2CEE}.Debug|Any CPU.ActiveCfg = Debug|Any CPU
		{55029DA7-0844-4BE8-9C3E-CBF0CA7D2CEE}.Debug|Any CPU.Build.0 = Debug|Any CPU
		{55029DA7-0844-4BE8-9C3E-CBF0CA7D2CEE}.Release|Any CPU.ActiveCfg = Release|Any CPU
		{55029DA7-0844-4BE8-9C3E-CBF0CA7D2CEE}.Release|Any CPU.Build.0 = Release|Any CPU
	EndGlobalSection
	GlobalSection(SolutionProperties) = preSolution
		HideSolutionNode = FALSE
	EndGlobalSection
	GlobalSection(ExtensibilityGlobals) = postSolution
		SolutionGuid = {72EB60F7-041F-42FD-83EF-A11CED5DC41B}
	EndGlobalSection
EndGlobal
